Microsoft Visual Studio Solution File, Format Version 12.00
# Visual Studio Version 17
VisualStudioVersion = 17.5.2.0
MinimumVisualStudioVersion = 10.0.40219.1
Project("{2150E333-8FDC-42A3-9474-1A3956D46DE8}") = "bindings", "bindings", "{D683BF3D-D126-42E8-A222-A84F83186095}"
EndProject
Project("{2150E333-8FDC-42A3-9474-1A3956D46DE8}") = "c#", "c#", "{1303CD36-FB4D-CECA-7DE8-32F5BBCDA725}"
EndProject
Project("{FAE04EC0-301F-11D3-BF4B-00C04F79EFBC}") = "RPiRgbLEDMatrix", "bindings\c#\RPiRgbLEDMatrix.csproj", "{C837B982-39EC-2A7F-863A-D850CEFB06E8}"
EndProject
Project("{2150E333-8FDC-42A3-9474-1A3956D46DE8}") = "examples", "examples", "{76930E17-160F-4110-97A0-8E4128895518}"
EndProject
Project("{FAE04EC0-301F-11D3-BF4B-00C04F79EFBC}") = "BoxesBoxesBoxes", "bindings\c#\examples\BoxesBoxesBoxes\BoxesBoxesBoxes.csproj", "{B994C550-F586-569C-B290-963F45D45503}"
EndProject
Project("{FAE04EC0-301F-11D3-BF4B-00C04F79EFBC}") = "FontExample", "bindings\c#\examples\FontExample\FontExample.csproj", "{6387CAA2-03E5-0596-DD40-A510A10CF3F3}"
EndProject
Project("{FAE04EC0-301F-11D3-BF4B-00C04F79EFBC}") = "MatrixRain", "bindings\c#\examples\MatrixRain\MatrixRain.csproj", "{A972B121-6591-6178-1F52-1FC0D212CB01}"
EndProject
Project("{FAE04EC0-301F-11D3-BF4B-00C04F79EFBC}") = "MinimalExample", "bindings\c#\examples\MinimalExample\MinimalExample.csproj", "{9B5051CA-7C8E-B96E-5FF2-BCD79E6033EE}"
EndProject
Project("{FAE04EC0-301F-11D3-BF4B-00C04F79EFBC}") = "PlayGIF", "bindings\c#\examples\PlayGIF\PlayGIF.csproj", "{A32202F6-9BAD-6AE1-504F-0B998B6462B4}"
EndProject
Project("{FAE04EC0-301F-11D3-BF4B-00C04F79EFBC}") = "PulsingBrightness", "bindings\c#\examples\PulsingBrightness\PulsingBrightness.csproj", "{C6120DF2-D39D-29EF-37FC-7DE67A20968D}"
EndProject
Project("{FAE04EC0-301F-11D3-BF4B-00C04F79EFBC}") = "Rotating3DCube", "bindings\c#\examples\Rotating3DCube\Rotating3DCube.csproj", "{2AD86390-54FA-D6D8-5755-FA1F04262BA0}"
EndProject
Project("{FAE04EC0-301F-11D3-BF4B-00C04F79EFBC}") = "StreamPlayer", "bindings\c#\examples\StreamPlayer\StreamPlayer.csproj", "{BCEE8557-4345-2BB8-5040-D057F94A7D72}"
EndProject
Global
	GlobalSection(SolutionConfigurationPlatforms) = preSolution
		Debug|Any CPU = Debug|Any CPU
		Release|Any CPU = Release|Any CPU
	EndGlobalSection
	GlobalSection(ProjectConfigurationPlatforms) = postSolution
		{C837B982-39EC-2A7F-863A-D850CEFB06E8}.Debug|Any CPU.ActiveCfg = Debug|Any CPU
		{C837B982-39EC-2A7F-863A-D850CEFB06E8}.Debug|Any CPU.Build.0 = Debug|Any CPU
		{C837B982-39EC-2A7F-863A-D850CEFB06E8}.Release|Any CPU.ActiveCfg = Release|Any CPU
		{C837B982-39EC-2A7F-863A-D850CEFB06E8}.Release|Any CPU.Build.0 = Release|Any CPU
		{B994C550-F586-569C-B290-963F45D45503}.Debug|Any CPU.ActiveCfg = Debug|Any CPU
		{B994C550-F586-569C-B290-963F45D45503}.Debug|Any CPU.Build.0 = Debug|Any CPU
		{B994C550-F586-569C-B290-963F45D45503}.Release|Any CPU.ActiveCfg = Release|Any CPU
		{B994C550-F586-569C-B290-963F45D45503}.Release|Any CPU.Build.0 = Release|Any CPU
		{6387CAA2-03E5-0596-DD40-A510A10CF3F3}.Debug|Any CPU.ActiveCfg = Debug|Any CPU
		{6387CAA2-03E5-0596-DD40-A510A10CF3F3}.Debug|Any CPU.Build.0 = Debug|Any CPU
		{6387CAA2-03E5-0596-DD40-A510A10CF3F3}.Release|Any CPU.ActiveCfg = Release|Any CPU
		{6387CAA2-03E5-0596-DD40-A510A10CF3F3}.Release|Any CPU.Build.0 = Release|Any CPU
		{A972B121-6591-6178-1F52-1FC0D212CB01}.Debug|Any CPU.ActiveCfg = Debug|Any CPU
		{A972B121-6591-6178-1F52-1FC0D212CB01}.Debug|Any CPU.Build.0 = Debug|Any CPU
		{A972B121-6591-6178-1F52-1FC0D212CB01}.Release|Any CPU.ActiveCfg = Release|Any CPU
		{A972B121-6591-6178-1F52-1FC0D212CB01}.Release|Any CPU.Build.0 = Release|Any CPU
		{9B5051CA-7C8E-B96E-5FF2-BCD79E6033EE}.Debug|Any CPU.ActiveCfg = Debug|Any CPU
		{9B5051CA-7C8E-B96E-5FF2-BCD79E6033EE}.Debug|Any CPU.Build.0 = Debug|Any CPU
		{9B5051CA-7C8E-B96E-5FF2-BCD79E6033EE}.Release|Any CPU.ActiveCfg = Release|Any CPU
		{9B5051CA-7C8E-B96E-5FF2-BCD79E6033EE}.Release|Any CPU.Build.0 = Release|Any CPU
		{A32202F6-9BAD-6AE1-504F-0B998B6462B4}.Debug|Any CPU.ActiveCfg = Debug|Any CPU
		{A32202F6-9BAD-6AE1-504F-0B998B6462B4}.Debug|Any CPU.Build.0 = Debug|Any CPU
		{A32202F6-9BAD-6AE1-504F-0B998B6462B4}.Release|Any CPU.ActiveCfg = Release|Any CPU
		{A32202F6-9BAD-6AE1-504F-0B998B6462B4}.Release|Any CPU.Build.0 = Release|Any CPU
		{C6120DF2-D39D-29EF-37FC-7DE67A20968D}.Debug|Any CPU.ActiveCfg = Debug|Any CPU
		{C6120DF2-D39D-29EF-37FC-7DE67A20968D}.Debug|Any CPU.Build.0 = Debug|Any CPU
		{C6120DF2-D39D-29EF-37FC-7DE67A20968D}.Release|Any CPU.ActiveCfg = Release|Any CPU
		{C6120DF2-D39D-29EF-37FC-7DE67A20968D}.Release|Any CPU.Build.0 = Release|Any CPU
		{2AD86390-54FA-D6D8-5755-FA1F04262BA0}.Debug|Any CPU.ActiveCfg = Debug|Any CPU
		{2AD86390-54FA-D6D8-5755-FA1F04262BA0}.Debug|Any CPU.Build.0 = Debug|Any CPU
		{2AD86390-54FA-D6D8-5755-FA1F04262BA0}.Release|Any CPU.ActiveCfg = Release|Any CPU
		{2AD86390-54FA-D6D8-5755-FA1F04262BA0}.Release|Any CPU.Build.0 = Release|Any CPU
		{BCEE8557-4345-2BB8-5040-D057F94A7D72}.Debug|Any CPU.ActiveCfg = Debug|Any CPU
		{BCEE8557-4345-2BB8-5040-D057F94A7D72}.Debug|Any CPU.Build.0 = Debug|Any CPU
		{BCEE8557-4345-2BB8-5040-D057F94A7D72}.Release|Any CPU.ActiveCfg = Release|Any CPU
		{BCEE8557-4345-2BB8-5040-D057F94A7D72}.Release|Any CPU.Build.0 = Release|Any CPU
	EndGlobalSection
	GlobalSection(SolutionProperties) = preSolution
		HideSolutionNode = FALSE
	EndGlobalSection
	GlobalSection(NestedProjects) = preSolution
		{1303CD36-FB4D-CECA-7DE8-32F5BBCDA725} = {D683BF3D-D126-42E8-A222-A84F83186095}
		{C837B982-39EC-2A7F-863A-D850CEFB06E8} = {1303CD36-FB4D-CECA-7DE8-32F5BBCDA725}
		{76930E17-160F-4110-97A0-8E4128895518} = {1303CD36-FB4D-CECA-7DE8-32F5BBCDA725}
		{B994C550-F586-569C-B290-963F45D45503} = {76930E17-160F-4110-97A0-8E4128895518}
		{6387CAA2-03E5-0596-DD40-A510A10CF3F3} = {76930E17-160F-4110-97A0-8E4128895518}
		{A972B121-6591-6178-1F52-1FC0D212CB01} = {76930E17-160F-4110-97A0-8E4128895518}
		{9B5051CA-7C8E-B96E-5FF2-BCD79E6033EE} = {76930E17-160F-4110-97A0-8E4128895518}
		{A32202F6-9BAD-6AE1-504F-0B998B6462B4} = {76930E17-160F-4110-97A0-8E4128895518}
		{C6120DF2-D39D-29EF-37FC-7DE67A20968D} = {76930E17-160F-4110-97A0-8E4128895518}
		{2AD86390-54FA-D6D8-5755-FA1F04262BA0} = {76930E17-160F-4110-97A0-8E4128895518}
		{BCEE8557-4345-2BB8-5040-D057F94A7D72} = {76930E17-160F-4110-97A0-8E4128895518}
	EndGlobalSection
	GlobalSection(ExtensibilityGlobals) = postSolution
		SolutionGuid = {0B563930-426A-4044-82C9-598AB479D8AD}
	EndGlobalSection
EndGlobal
