
Microsoft Visual Studio Solution File, Format Version 12.00
# Visual Studio 14
VisualStudioVersion = 14.0.25420.1
MinimumVisualStudioVersion = 10.0.40219.1
Project("{FAE04EC0-301F-11D3-BF4B-00C04F79EFBC}") = "rpi-rgb-led-matrix-sharp", "rpi-rgb-led-matrix-sharp.csproj", "{73FBC09C-1C9A-46DF-AE99-7CFE5AE0B84D}"
EndProject
Project("{FAE04EC0-301F-11D3-BF4B-00C04F79EFBC}") = "testapp", "testapp\testapp.csproj", "{89024DAA-51C2-4825-9925-CBE89DE04E2F}"
EndProject
Global
	GlobalSection(SolutionConfigurationPlatforms) = preSolution
		Debug|Any CPU = Debug|Any CPU
		Release|Any CPU = Release|Any CPU
	EndGlobalSection
	GlobalSection(ProjectConfigurationPlatforms) = postSolution
		{73FBC09C-1C9A-46DF-AE99-7CFE5AE0B84D}.Debug|Any CPU.ActiveCfg = Debug|Any CPU
		{73FBC09C-1C9A-46DF-AE99-7CFE5AE0B84D}.Debug|Any CPU.Build.0 = Debug|Any CPU
		{73FBC09C-1C9A-46DF-AE99-7CFE5AE0B84D}.Release|Any CPU.ActiveCfg = Release|Any CPU
		{73FBC09C-1C9A-46DF-AE99-7CFE5AE0B84D}.Release|Any CPU.Build.0 = Release|Any CPU
		{89024DAA-51C2-4825-9925-CBE89DE04E2F}.Debug|Any CPU.ActiveCfg = Debug|Any CPU
		{89024DAA-51C2-4825-9925-CBE89DE04E2F}.Debug|Any CPU.Build.0 = Debug|Any CPU
		{89024DAA-51C2-4825-9925-CBE89DE04E2F}.Release|Any CPU.ActiveCfg = Release|Any CPU
		{89024DAA-51C2-4825-9925-CBE89DE04E2F}.Release|Any CPU.Build.0 = Release|Any CPU
	EndGlobalSection
	GlobalSection(SolutionProperties) = preSolution
		HideSolutionNode = FALSE
	EndGlobalSection
EndGlobal
